
Microsoft Visual Studio Solution File, Format Version 12.00
# Visual Studio Version 16
VisualStudioVersion = 16.0.32002.261
MinimumVisualStudioVersion = 10.0.40219.1
Project("{FC65038C-1B2F-41E1-A629-BED71D161FFF}") = "Leave Management System (USR) [DAX]", "Leave Management System\Leave Management System.rnrproj", "{978DE89C-D6FE-452F-A478-B05B3CE192AD}"
EndProject
Global
	GlobalSection(SolutionConfigurationPlatforms) = preSolution
		Debug|Any CPU = Debug|Any CPU
	EndGlobalSection
	GlobalSection(ProjectConfigurationPlatforms) = postSolution
		{978DE89C-D6FE-452F-A478-B05B3CE192AD}.Debug|Any CPU.ActiveCfg = Debug|Any CPU
		{978DE89C-D6FE-452F-A478-B05B3CE192AD}.Debug|Any CPU.Build.0 = Debug|Any CPU
	EndGlobalSection
	GlobalSection(SolutionProperties) = preSolution
		HideSolutionNode = FALSE
	EndGlobalSection
	GlobalSection(ExtensibilityGlobals) = postSolution
		SolutionGuid = {62540F74-B4FC-4837-832C-2871B898852C}
	EndGlobalSection
EndGlobal
